
Microsoft Visual Studio Solution File, Format Version 12.00
# Visual Studio 2013
VisualStudioVersion = 12.0.30723.0
MinimumVisualStudioVersion = 10.0.40219.1
Project("{FAE04EC0-301F-11D3-BF4B-00C04F79EFBC}") = "Alpaca.Web", "Alpaca.Web\Alpaca.Web.csproj", "{60518361-AE9D-46B9-AFC2-5294052DA3B1}"
EndProject
Project("{FAE04EC0-301F-11D3-BF4B-00C04F79EFBC}") = "Alpaca.Weld.Test", "Alpaca.Weld.Test\Alpaca.Weld.Test.csproj", "{E46200FC-4B78-4E22-9972-B605A02FB21B}"
EndProject
Project("{FAE04EC0-301F-11D3-BF4B-00C04F79EFBC}") = "Alpaca", "Alpaca\Alpaca.csproj", "{CB79F052-C541-4D8F-B112-6419DF2B2FE4}"
EndProject
Project("{FAE04EC0-301F-11D3-BF4B-00C04F79EFBC}") = "SampleWebApp", "SampleWebApp\SampleWebApp.csproj", "{24DFE401-EB69-4E19-BC9C-53888626DFD0}"
EndProject
Global
	GlobalSection(SolutionConfigurationPlatforms) = preSolution
		Debug|Any CPU = Debug|Any CPU
		Release|Any CPU = Release|Any CPU
	EndGlobalSection
	GlobalSection(ProjectConfigurationPlatforms) = postSolution
		{60518361-AE9D-46B9-AFC2-5294052DA3B1}.Debug|Any CPU.ActiveCfg = Debug|Any CPU
		{60518361-AE9D-46B9-AFC2-5294052DA3B1}.Debug|Any CPU.Build.0 = Debug|Any CPU
		{60518361-AE9D-46B9-AFC2-5294052DA3B1}.Release|Any CPU.ActiveCfg = Release|Any CPU
		{60518361-AE9D-46B9-AFC2-5294052DA3B1}.Release|Any CPU.Build.0 = Release|Any CPU
		{E46200FC-4B78-4E22-9972-B605A02FB21B}.Debug|Any CPU.ActiveCfg = Debug|Any CPU
		{E46200FC-4B78-4E22-9972-B605A02FB21B}.Debug|Any CPU.Build.0 = Debug|Any CPU
		{E46200FC-4B78-4E22-9972-B605A02FB21B}.Release|Any CPU.ActiveCfg = Release|Any CPU
		{E46200FC-4B78-4E22-9972-B605A02FB21B}.Release|Any CPU.Build.0 = Release|Any CPU
		{CB79F052-C541-4D8F-B112-6419DF2B2FE4}.Debug|Any CPU.ActiveCfg = Debug|Any CPU
		{CB79F052-C541-4D8F-B112-6419DF2B2FE4}.Debug|Any CPU.Build.0 = Debug|Any CPU
		{CB79F052-C541-4D8F-B112-6419DF2B2FE4}.Release|Any CPU.ActiveCfg = Release|Any CPU
		{CB79F052-C541-4D8F-B112-6419DF2B2FE4}.Release|Any CPU.Build.0 = Release|Any CPU
		{24DFE401-EB69-4E19-BC9C-53888626DFD0}.Debug|Any CPU.ActiveCfg = Debug|Any CPU
		{24DFE401-EB69-4E19-BC9C-53888626DFD0}.Debug|Any CPU.Build.0 = Debug|Any CPU
		{24DFE401-EB69-4E19-BC9C-53888626DFD0}.Release|Any CPU.ActiveCfg = Release|Any CPU
		{24DFE401-EB69-4E19-BC9C-53888626DFD0}.Release|Any CPU.Build.0 = Release|Any CPU
	EndGlobalSection
	GlobalSection(SolutionProperties) = preSolution
		HideSolutionNode = FALSE
	EndGlobalSection
EndGlobal
